
Microsoft Visual Studio Solution File, Format Version 12.00
# Visual Studio 2017
Project("{FAE04EC0-301F-11D3-BF4B-00C04F79EFBC}") = "PlanetGravity", "PlanetGravity.csproj", "{57E61D45-E8B2-A8BD-AC65-8CDD302DFC37}"
EndProject
Project("{FAE04EC0-301F-11D3-BF4B-00C04F79EFBC}") = "PlanetGravity.Editor", "PlanetGravity.Editor.csproj", "{FDDF3E1A-5E3F-7623-B1E7-61F1C415DF62}"
EndProject
Project("{FAE04EC0-301F-11D3-BF4B-00C04F79EFBC}") = "Unity.PackageManagerUI.Editor", "Unity.PackageManagerUI.Editor.csproj", "{6877705C-FBD9-0C4F-5AFB-6FB431E5D39D}"
EndProject
Project("{FAE04EC0-301F-11D3-BF4B-00C04F79EFBC}") = "UnityEditor.StandardEvents", "UnityEditor.StandardEvents.csproj", "{6800202F-4402-D405-F8CB-03DC7BD78B92}"
EndProject
Global
	GlobalSection(SolutionConfigurationPlatforms) = preSolution
		Debug|Any CPU = Debug|Any CPU
		Release|Any CPU = Release|Any CPU
	EndGlobalSection
	GlobalSection(ProjectConfigurationPlatforms) = postSolution
		{57E61D45-E8B2-A8BD-AC65-8CDD302DFC37}.Debug|Any CPU.ActiveCfg = Debug|Any CPU
		{57E61D45-E8B2-A8BD-AC65-8CDD302DFC37}.Debug|Any CPU.Build.0 = Debug|Any CPU
		{57E61D45-E8B2-A8BD-AC65-8CDD302DFC37}.Release|Any CPU.ActiveCfg = Release|Any CPU
		{57E61D45-E8B2-A8BD-AC65-8CDD302DFC37}.Release|Any CPU.Build.0 = Release|Any CPU
		{FDDF3E1A-5E3F-7623-B1E7-61F1C415DF62}.Debug|Any CPU.ActiveCfg = Debug|Any CPU
		{FDDF3E1A-5E3F-7623-B1E7-61F1C415DF62}.Debug|Any CPU.Build.0 = Debug|Any CPU
		{FDDF3E1A-5E3F-7623-B1E7-61F1C415DF62}.Release|Any CPU.ActiveCfg = Release|Any CPU
		{FDDF3E1A-5E3F-7623-B1E7-61F1C415DF62}.Release|Any CPU.Build.0 = Release|Any CPU
		{6877705C-FBD9-0C4F-5AFB-6FB431E5D39D}.Debug|Any CPU.ActiveCfg = Debug|Any CPU
		{6877705C-FBD9-0C4F-5AFB-6FB431E5D39D}.Debug|Any CPU.Build.0 = Debug|Any CPU
		{6877705C-FBD9-0C4F-5AFB-6FB431E5D39D}.Release|Any CPU.ActiveCfg = Release|Any CPU
		{6877705C-FBD9-0C4F-5AFB-6FB431E5D39D}.Release|Any CPU.Build.0 = Release|Any CPU
		{6800202F-4402-D405-F8CB-03DC7BD78B92}.Debug|Any CPU.ActiveCfg = Debug|Any CPU
		{6800202F-4402-D405-F8CB-03DC7BD78B92}.Debug|Any CPU.Build.0 = Debug|Any CPU
		{6800202F-4402-D405-F8CB-03DC7BD78B92}.Release|Any CPU.ActiveCfg = Release|Any CPU
		{6800202F-4402-D405-F8CB-03DC7BD78B92}.Release|Any CPU.Build.0 = Release|Any CPU
	EndGlobalSection
	GlobalSection(SolutionProperties) = preSolution
		HideSolutionNode = FALSE
	EndGlobalSection
EndGlobal
